
Microsoft Visual Studio Solution File, Format Version 12.00
# Visual Studio 15
Project("{FAE04EC0-301F-11D3-BF4B-00C04F79EFBC}") = "DungeonCave", "Assembly-CSharp.csproj", "{69C4A620-0128-2B45-7F95-43581316480B}"
EndProject
Project("{FAE04EC0-301F-11D3-BF4B-00C04F79EFBC}") = "DungeonCave", "Assembly-CSharp-Editor.csproj", "{500DC3B5-E090-9F52-88C4-6A4B7F497D30}"
EndProject
Global
	GlobalSection(SolutionConfigurationPlatforms) = preSolution
		Debug|Any CPU = Debug|Any CPU
		Release|Any CPU = Release|Any CPU
	EndGlobalSection
	GlobalSection(ProjectConfigurationPlatforms) = postSolution
		{69C4A620-0128-2B45-7F95-43581316480B}.Debug|Any CPU.ActiveCfg = Debug|Any CPU
		{69C4A620-0128-2B45-7F95-43581316480B}.Debug|Any CPU.Build.0 = Debug|Any CPU
		{69C4A620-0128-2B45-7F95-43581316480B}.Release|Any CPU.ActiveCfg = Release|Any CPU
		{69C4A620-0128-2B45-7F95-43581316480B}.Release|Any CPU.Build.0 = Release|Any CPU
		{500DC3B5-E090-9F52-88C4-6A4B7F497D30}.Debug|Any CPU.ActiveCfg = Debug|Any CPU
		{500DC3B5-E090-9F52-88C4-6A4B7F497D30}.Debug|Any CPU.Build.0 = Debug|Any CPU
		{500DC3B5-E090-9F52-88C4-6A4B7F497D30}.Release|Any CPU.ActiveCfg = Release|Any CPU
		{500DC3B5-E090-9F52-88C4-6A4B7F497D30}.Release|Any CPU.Build.0 = Release|Any CPU
	EndGlobalSection
	GlobalSection(SolutionProperties) = preSolution
		HideSolutionNode = FALSE
	EndGlobalSection
EndGlobal
